
Microsoft Visual Studio Solution File, Format Version 12.00
# Visual Studio Version 16
VisualStudioVersion = 16.0.30503.244
MinimumVisualStudioVersion = 10.0.40219.1
Project("{FAE04EC0-301F-11D3-BF4B-00C04F79EFBC}") = "BorrowIt.Notifications", "BorrowIt.Notifications\BorrowIt.Notifications.csproj", "{4688C3C6-F8F1-4B91-AE72-420F460D4ED0}"
EndProject
Global
	GlobalSection(SolutionConfigurationPlatforms) = preSolution
		Debug|Any CPU = Debug|Any CPU
		Release|Any CPU = Release|Any CPU
	EndGlobalSection
	GlobalSection(ProjectConfigurationPlatforms) = postSolution
		{4688C3C6-F8F1-4B91-AE72-420F460D4ED0}.Debug|Any CPU.ActiveCfg = Debug|Any CPU
		{4688C3C6-F8F1-4B91-AE72-420F460D4ED0}.Debug|Any CPU.Build.0 = Debug|Any CPU
		{4688C3C6-F8F1-4B91-AE72-420F460D4ED0}.Release|Any CPU.ActiveCfg = Release|Any CPU
		{4688C3C6-F8F1-4B91-AE72-420F460D4ED0}.Release|Any CPU.Build.0 = Release|Any CPU
	EndGlobalSection
	GlobalSection(SolutionProperties) = preSolution
		HideSolutionNode = FALSE
	EndGlobalSection
	GlobalSection(ExtensibilityGlobals) = postSolution
		SolutionGuid = {FB7866F2-E9AA-4E64-9EF5-E7EF3C7158AA}
	EndGlobalSection
EndGlobal
